// !$*UTF8*$!
{
	archiveVersion = 1;
	classes = {
	};
	objectVersion = 52;
	objects = {

/* Begin PBXBuildFile section */
		9E17EF07256B1D85005F2BDE /* MockupData.swift in Sources */ = {isa = PBXBuildFile; fileRef = 9E17EF06256B1D85005F2BDE /* MockupData.swift */; };
		9E17EF0A256B2984005F2BDE /* EventService.swift in Sources */ = {isa = PBXBuildFile; fileRef = 9E17EF09256B2984005F2BDE /* EventService.swift */; };
		9E263642253DA29000928B38 /* Assets.xcassets in Resources */ = {isa = PBXBuildFile; fileRef = 9E263641253DA29000928B38 /* Assets.xcassets */; };
		9E263645253DA29000928B38 /* Preview Assets.xcassets in Resources */ = {isa = PBXBuildFile; fileRef = 9E263644253DA29000928B38 /* Preview Assets.xcassets */; };
		9E263650253DA62800928B38 /* LaunchScreen.storyboard in Resources */ = {isa = PBXBuildFile; fileRef = 9E26364F253DA62800928B38 /* LaunchScreen.storyboard */; };
		9E263655253DACED00928B38 /* AppDelegate.swift in Sources */ = {isa = PBXBuildFile; fileRef = 9E263654253DACED00928B38 /* AppDelegate.swift */; };
		9E263659253DB15200928B38 /* SceneDelegate.swift in Sources */ = {isa = PBXBuildFile; fileRef = 9E263658253DB15200928B38 /* SceneDelegate.swift */; };
		9E26365D253DDBF500928B38 /* UserData.swift in Sources */ = {isa = PBXBuildFile; fileRef = 9E26365C253DDBF500928B38 /* UserData.swift */; };
		9E263667253DDDD700928B38 /* SignIn.swift in Sources */ = {isa = PBXBuildFile; fileRef = 9E263666253DDDD600928B38 /* SignIn.swift */; };
		9E26366B253DDDE900928B38 /* Root.swift in Sources */ = {isa = PBXBuildFile; fileRef = 9E26366A253DDDE900928B38 /* Root.swift */; };
		9E263672253DDFD200928B38 /* Home.swift in Sources */ = {isa = PBXBuildFile; fileRef = 9E263671253DDFD200928B38 /* Home.swift */; };
		9E27593A2588325200421119 /* Encoding.swift in Sources */ = {isa = PBXBuildFile; fileRef = 9E2759392588325200421119 /* Encoding.swift */; };
		9E2D7786255176BF0040872F /* AuthProvider.swift in Sources */ = {isa = PBXBuildFile; fileRef = 9E2D7785255176BF0040872F /* AuthProvider.swift */; };
		9E2D779225518C3C0040872F /* ApiKeys.swift in Sources */ = {isa = PBXBuildFile; fileRef = 9E2D779125518C3C0040872F /* ApiKeys.swift */; };
		9E33430A2573EDFF00AE5568 /* WishList.swift in Sources */ = {isa = PBXBuildFile; fileRef = 9E3343092573EDFF00AE5568 /* WishList.swift */; };
		9E33430E2573EE6B00AE5568 /* EventCreation.swift in Sources */ = {isa = PBXBuildFile; fileRef = 9E33430D2573EE6B00AE5568 /* EventCreation.swift */; };
		9E3343122573EEB800AE5568 /* NewAccommodation.swift in Sources */ = {isa = PBXBuildFile; fileRef = 9E3343112573EEB800AE5568 /* NewAccommodation.swift */; };
		9E3343162573EEC400AE5568 /* NewTransfer.swift in Sources */ = {isa = PBXBuildFile; fileRef = 9E3343152573EEC400AE5568 /* NewTransfer.swift */; };
		9E3343192573EECE00AE5568 /* NewActivity.swift in Sources */ = {isa = PBXBuildFile; fileRef = 9E3343182573EECE00AE5568 /* NewActivity.swift */; };
		9E47E073257977AF0022AC08 /* AnyShape.swift in Sources */ = {isa = PBXBuildFile; fileRef = 9E47E072257977AF0022AC08 /* AnyShape.swift */; };
		9E47E076257980400022AC08 /* EdgeInsets+init.swift in Sources */ = {isa = PBXBuildFile; fileRef = 9E47E075257980400022AC08 /* EdgeInsets+init.swift */; };
		9E47E0902579A0340022AC08 /* ItemDropDelegate.swift in Sources */ = {isa = PBXBuildFile; fileRef = 9E47E08F2579A0340022AC08 /* ItemDropDelegate.swift */; };
		9E487F4A2569EF64007BC9C7 /* Activity.swift in Sources */ = {isa = PBXBuildFile; fileRef = 9E487F492569EF64007BC9C7 /* Activity.swift */; };
		9E487F4D2569F95D007BC9C7 /* KeyedEncodingContainer+values.swift in Sources */ = {isa = PBXBuildFile; fileRef = 9E487F4C2569F95D007BC9C7 /* KeyedEncodingContainer+values.swift */; };
		9E487F502569FCD2007BC9C7 /* Location.swift in Sources */ = {isa = PBXBuildFile; fileRef = 9E487F4F2569FCD2007BC9C7 /* Location.swift */; };
		9E589E5A253DFA28003CC8EE /* LogoTitle.swift in Sources */ = {isa = PBXBuildFile; fileRef = 9E589E59253DFA28003CC8EE /* LogoTitle.swift */; };
		9E589E5F253E4C20003CC8EE /* FilledButton.swift in Sources */ = {isa = PBXBuildFile; fileRef = 9E589E5E253E4C20003CC8EE /* FilledButton.swift */; };
		9E589E68253E6D5E003CC8EE /* Colors.xcassets in Resources */ = {isa = PBXBuildFile; fileRef = 9E589E67253E6D5E003CC8EE /* Colors.xcassets */; };
		9E589E6B253E7CC4003CC8EE /* BorderedTextField.swift in Sources */ = {isa = PBXBuildFile; fileRef = 9E589E6A253E7CC4003CC8EE /* BorderedTextField.swift */; };
		9E58C72A2583F1DE002688EE /* APIResponse.swift in Sources */ = {isa = PBXBuildFile; fileRef = 9E58C7292583F1DE002688EE /* APIResponse.swift */; };
		9E58C7302584050E002688EE /* AuthService.swift in Sources */ = {isa = PBXBuildFile; fileRef = 9E58C72F2584050E002688EE /* AuthService.swift */; };
		9E58C734258409EF002688EE /* AuthViewModel.swift in Sources */ = {isa = PBXBuildFile; fileRef = 9E58C733258409EF002688EE /* AuthViewModel.swift */; };
		9E58C73A258421F8002688EE /* Color.swift in Sources */ = {isa = PBXBuildFile; fileRef = 9E58C739258421F8002688EE /* Color.swift */; };
		9E58C74025842E9C002688EE /* Publisher+sink.swift in Sources */ = {isa = PBXBuildFile; fileRef = 9E58C73F25842E9C002688EE /* Publisher+sink.swift */; };
		9E58C74825844254002688EE /* TripsViewModel.swift in Sources */ = {isa = PBXBuildFile; fileRef = 9E58C74725844254002688EE /* TripsViewModel.swift */; };
		9E58C74C258442D4002688EE /* TripData.swift in Sources */ = {isa = PBXBuildFile; fileRef = 9E58C74B258442D4002688EE /* TripData.swift */; };
		9E5A8ED3256AA63B0037D742 /* EventIcons.swift in Sources */ = {isa = PBXBuildFile; fileRef = 9E5A8ED2256AA63B0037D742 /* EventIcons.swift */; };
		9E5A8ED6256AB17E0037D742 /* EventIcon.swift in Sources */ = {isa = PBXBuildFile; fileRef = 9E5A8ED5256AB17E0037D742 /* EventIcon.swift */; };
		9E5A8EDE256AC49D0037D742 /* BorderTitleImage.swift in Sources */ = {isa = PBXBuildFile; fileRef = 9E5A8EDD256AC49D0037D742 /* BorderTitleImage.swift */; };
		9E5A8EE1256ACA7A0037D742 /* StrokeText.swift in Sources */ = {isa = PBXBuildFile; fileRef = 9E5A8EE0256ACA790037D742 /* StrokeText.swift */; };
		9E5A8EE4256AD6690037D742 /* ShadowImage.swift in Sources */ = {isa = PBXBuildFile; fileRef = 9E5A8EE3256AD6680037D742 /* ShadowImage.swift */; };
		9E5BCCFC25765E51004EB8C1 /* Swipeable.swift in Sources */ = {isa = PBXBuildFile; fileRef = 9E5BCCFB25765E50004EB8C1 /* Swipeable.swift */; };
		9E5BCCFF2576629B004EB8C1 /* SwipeableItem.swift in Sources */ = {isa = PBXBuildFile; fileRef = 9E5BCCFE2576629B004EB8C1 /* SwipeableItem.swift */; };
		9E5BCD022576AA4D004EB8C1 /* EventCard.swift in Sources */ = {isa = PBXBuildFile; fileRef = 9E5BCD012576AA4B004EB8C1 /* EventCard.swift */; };
		9E5BD4022582B7380059D169 /* API.swift in Sources */ = {isa = PBXBuildFile; fileRef = 9E5BD4012582B7380059D169 /* API.swift */; };
		9E5BD4062582D4360059D169 /* APISession.swift in Sources */ = {isa = PBXBuildFile; fileRef = 9E5BD4052582D4360059D169 /* APISession.swift */; };
		9E5BD4092582D9940059D169 /* APIEndpoints.swift in Sources */ = {isa = PBXBuildFile; fileRef = 9E5BD4082582D9940059D169 /* APIEndpoints.swift */; };
		9E641820258746D7009709D4 /* SearchService.swift in Sources */ = {isa = PBXBuildFile; fileRef = 9E64181F258746D7009709D4 /* SearchService.swift */; };
		9E6418232587554E009709D4 /* WishViewModel.swift in Sources */ = {isa = PBXBuildFile; fileRef = 9E6418222587554D009709D4 /* WishViewModel.swift */; };
		9E641826258757F1009709D4 /* DestinationSearchViewModel.swift in Sources */ = {isa = PBXBuildFile; fileRef = 9E641825258757F1009709D4 /* DestinationSearchViewModel.swift */; };
		9E641829258758C9009709D4 /* AccommodationSearchViewModel.swift in Sources */ = {isa = PBXBuildFile; fileRef = 9E641828258758C9009709D4 /* AccommodationSearchViewModel.swift */; };
		9E64182C258758E6009709D4 /* TransferPointSearchViewModel.swift in Sources */ = {isa = PBXBuildFile; fileRef = 9E64182B258758E6009709D4 /* TransferPointSearchViewModel.swift */; };
		9E64182F258758F3009709D4 /* EventSearchViewModel.swift in Sources */ = {isa = PBXBuildFile; fileRef = 9E64182E258758F3009709D4 /* EventSearchViewModel.swift */; };
		9E64183225876115009709D4 /* ActivityService.swift in Sources */ = {isa = PBXBuildFile; fileRef = 9E64183125876115009709D4 /* ActivityService.swift */; };
		9E6889252575277C0065D165 /* SuggestionCard.swift in Sources */ = {isa = PBXBuildFile; fileRef = 9E6889242575277C0065D165 /* SuggestionCard.swift */; };
		9E688928257536FA0065D165 /* PopUpContainer.swift in Sources */ = {isa = PBXBuildFile; fileRef = 9E688927257536FA0065D165 /* PopUpContainer.swift */; };
		9E68892C257576FB0065D165 /* MagicMode.swift in Sources */ = {isa = PBXBuildFile; fileRef = 9E68892B257576FA0065D165 /* MagicMode.swift */; };
		9E6A548D2584576A0041A340 /* TripService.swift in Sources */ = {isa = PBXBuildFile; fileRef = 9E6A548C2584576A0041A340 /* TripService.swift */; };
		9E76D1872572EA850063C4BE /* AddButtonsStack.swift in Sources */ = {isa = PBXBuildFile; fileRef = 9E76D1862572EA850063C4BE /* AddButtonsStack.swift */; };
		9E824DC125673E2900AE3F77 /* MapFilters.swift in Sources */ = {isa = PBXBuildFile; fileRef = 9E824DC025673E2900AE3F77 /* MapFilters.swift */; };
		9E83FEB8255C44FC0008F8DC /* MyTrips.swift in Sources */ = {isa = PBXBuildFile; fileRef = 9E83FEB7255C44FC0008F8DC /* MyTrips.swift */; };
		9E932FB325758FAA009FC2E8 /* SegmentedContainer.swift in Sources */ = {isa = PBXBuildFile; fileRef = 9E932FB225758FAA009FC2E8 /* SegmentedContainer.swift */; };
		9E932FB625759207009FC2E8 /* TripContainer.swift in Sources */ = {isa = PBXBuildFile; fileRef = 9E932FB525759207009FC2E8 /* TripContainer.swift */; };
		9E932FBA257596A5009FC2E8 /* WishItemsContainer.swift in Sources */ = {isa = PBXBuildFile; fileRef = 9E932FB9257596A5009FC2E8 /* WishItemsContainer.swift */; };
		9E932FBE2575971A009FC2E8 /* SuggestionsContainer.swift in Sources */ = {isa = PBXBuildFile; fileRef = 9E932FBD2575971A009FC2E8 /* SuggestionsContainer.swift */; };
		9E932FC125759A8D009FC2E8 /* String+capitalize.swift in Sources */ = {isa = PBXBuildFile; fileRef = 9E932FC025759A8D009FC2E8 /* String+capitalize.swift */; };
		9E971AF3254ECDB9008FC02F /* GoogleSignInDependencies.framework in Frameworks */ = {isa = PBXBuildFile; fileRef = 9E971AF0254ECDB7008FC02F /* GoogleSignInDependencies.framework */; };
		9E971AF4254ECDB9008FC02F /* GoogleSignIn.bundle in Resources */ = {isa = PBXBuildFile; fileRef = 9E971AF1254ECDB8008FC02F /* GoogleSignIn.bundle */; };
		9E971AF5254ECDB9008FC02F /* GoogleSignIn.framework in Frameworks */ = {isa = PBXBuildFile; fileRef = 9E971AF2254ECDB9008FC02F /* GoogleSignIn.framework */; };
		9E971AFB254ECE91008FC02F /* LocalAuthentication.framework in Frameworks */ = {isa = PBXBuildFile; fileRef = 9E971AFA254ECE91008FC02F /* LocalAuthentication.framework */; };
		9E971AFD254ECE9A008FC02F /* SafariServices.framework in Frameworks */ = {isa = PBXBuildFile; fileRef = 9E971AFC254ECE9A008FC02F /* SafariServices.framework */; };
		9E971AFF254ECEA2008FC02F /* AuthenticationServices.framework in Frameworks */ = {isa = PBXBuildFile; fileRef = 9E971AFE254ECEA2008FC02F /* AuthenticationServices.framework */; };
		9E971B01254ECEAE008FC02F /* SystemConfiguration.framework in Frameworks */ = {isa = PBXBuildFile; fileRef = 9E971B00254ECEAE008FC02F /* SystemConfiguration.framework */; };
		9E98CB332559E7C900AF29EA /* APIConstants.swift in Sources */ = {isa = PBXBuildFile; fileRef = 9E98CB322559E7C900AF29EA /* APIConstants.swift */; };
		9E98CB362559EE4E00AF29EA /* UserDefault.swift in Sources */ = {isa = PBXBuildFile; fileRef = 9E98CB352559EE4E00AF29EA /* UserDefault.swift */; };
		9E98CB3A2559F12A00AF29EA /* UserDefaultsConfig.swift in Sources */ = {isa = PBXBuildFile; fileRef = 9E98CB392559F12A00AF29EA /* UserDefaultsConfig.swift */; };
		9E9C8A2625816BA700AFA3AC /* Loadable.swift in Sources */ = {isa = PBXBuildFile; fileRef = 9E9C8A2525816BA700AFA3AC /* Loadable.swift */; };
		9EAD851425880E910041737F /* FlatLink.swift in Sources */ = {isa = PBXBuildFile; fileRef = 9EAD851325880E900041737F /* FlatLink.swift */; };
		9EAD8517258810770041737F /* ActivityData.swift in Sources */ = {isa = PBXBuildFile; fileRef = 9EAD8516258810770041737F /* ActivityData.swift */; };
		9EAD851C258820C10041737F /* ActivityViewModel.swift in Sources */ = {isa = PBXBuildFile; fileRef = 9EAD851B258820C10041737F /* ActivityViewModel.swift */; };
		9EB47CCD2566874B0065C641 /* Date+compare.swift in Sources */ = {isa = PBXBuildFile; fileRef = 9EB47CCC2566874B0065C641 /* Date+compare.swift */; };
		9EB47CD625669B970065C641 /* Map.swift in Sources */ = {isa = PBXBuildFile; fileRef = 9EB47CD525669B970065C641 /* Map.swift */; };
		9EB47CDE2566C2A70065C641 /* MapContainer.swift in Sources */ = {isa = PBXBuildFile; fileRef = 9EB47CDD2566C2A70065C641 /* MapContainer.swift */; };
		9EB47CE22566CEE80065C641 /* DaysContainer.swift in Sources */ = {isa = PBXBuildFile; fileRef = 9EB47CE12566CEE80065C641 /* DaysContainer.swift */; };
		9EB47CEB2566D5F50065C641 /* View+toAny.swift in Sources */ = {isa = PBXBuildFile; fileRef = 9EB47CEA2566D5F50065C641 /* View+toAny.swift */; };
		9EB47CF32566E71C0065C641 /* LocationService.swift in Sources */ = {isa = PBXBuildFile; fileRef = 9EB47CF22566E71C0065C641 /* LocationService.swift */; };
		9EB47CF6256722660065C641 /* SharpBorderButton.swift in Sources */ = {isa = PBXBuildFile; fileRef = 9EB47CF5256722650065C641 /* SharpBorderButton.swift */; };
		9EBB625A255ABED1005F41C0 /* Account.swift in Sources */ = {isa = PBXBuildFile; fileRef = 9EBB6259255ABED1005F41C0 /* Account.swift */; };
		9EC9207E2561B2E3001A40CC /* UnderlinedTextField.swift in Sources */ = {isa = PBXBuildFile; fileRef = 9EC9207D2561B2E2001A40CC /* UnderlinedTextField.swift */; };
		9EC920812561DFC4001A40CC /* Binding+didSet.swift in Sources */ = {isa = PBXBuildFile; fileRef = 9EC920802561DFC2001A40CC /* Binding+didSet.swift */; };
		9ED5072F254B1EEB00401E2A /* NetworkMonitor.swift in Sources */ = {isa = PBXBuildFile; fileRef = 9ED5072E254B1EEB00401E2A /* NetworkMonitor.swift */; };
		9ED5073C254B6F5000401E2A /* Keyboard.swift in Sources */ = {isa = PBXBuildFile; fileRef = 9ED5073B254B6F5000401E2A /* Keyboard.swift */; };
		9ED7DC3B257320A80005E42F /* BlurView.swift in Sources */ = {isa = PBXBuildFile; fileRef = 9ED7DC3A257320A80005E42F /* BlurView.swift */; };
		9EE669392563F9AE0018B82A /* CircleButton.swift in Sources */ = {isa = PBXBuildFile; fileRef = 9EE669382563F9AD0018B82A /* CircleButton.swift */; };
		9EE6693C256402DF0018B82A /* CreateTrip.swift in Sources */ = {isa = PBXBuildFile; fileRef = 9EE6693B256402DF0018B82A /* CreateTrip.swift */; };
		9EE6693F25640E260018B82A /* Constants.swift in Sources */ = {isa = PBXBuildFile; fileRef = 9EE6693E25640E250018B82A /* Constants.swift */; };
		9EE66942256418C50018B82A /* DatePickerTextField.swift in Sources */ = {isa = PBXBuildFile; fileRef = 9EE66941256418C40018B82A /* DatePickerTextField.swift */; };
		9EE669462564327A0018B82A /* DayCell.swift in Sources */ = {isa = PBXBuildFile; fileRef = 9EE66945256432790018B82A /* DayCell.swift */; };
		9EED544B25630B0C00098500 /* TripCell.swift in Sources */ = {isa = PBXBuildFile; fileRef = 9EED544A25630B0C00098500 /* TripCell.swift */; };
		9EED544E2563116600098500 /* Trip.swift in Sources */ = {isa = PBXBuildFile; fileRef = 9EED544D2563116600098500 /* Trip.swift */; };
		9EED5455256316F800098500 /* Formatters.swift in Sources */ = {isa = PBXBuildFile; fileRef = 9EED5454256316F800098500 /* Formatters.swift */; };
		9EED545925632C1900098500 /* KingfisherSwiftUI in Frameworks */ = {isa = PBXBuildFile; productRef = 9EED545825632C1900098500 /* KingfisherSwiftUI */; };
		9EF369602578320100345B20 /* PipelineItem.swift in Sources */ = {isa = PBXBuildFile; fileRef = 9EF3695F2578320000345B20 /* PipelineItem.swift */; };
		9EF36963257836A100345B20 /* CircleIcon.swift in Sources */ = {isa = PBXBuildFile; fileRef = 9EF36962257836A100345B20 /* CircleIcon.swift */; };
		9EF3696625783F4000345B20 /* PreferenceKeys.swift in Sources */ = {isa = PBXBuildFile; fileRef = 9EF3696525783F4000345B20 /* PreferenceKeys.swift */; };
		9EF36969257847B900345B20 /* DraggableSplash.swift in Sources */ = {isa = PBXBuildFile; fileRef = 9EF36968257847B900345B20 /* DraggableSplash.swift */; };
		9EFB6767257423D1005941D1 /* WishItem.swift in Sources */ = {isa = PBXBuildFile; fileRef = 9EFB6766257423D1005941D1 /* WishItem.swift */; };
		9EFB676A25742A17005941D1 /* Grid.swift in Sources */ = {isa = PBXBuildFile; fileRef = 9EFB676925742A17005941D1 /* Grid.swift */; };
		9EFB676D257446FE005941D1 /* SuggestionPlace.swift in Sources */ = {isa = PBXBuildFile; fileRef = 9EFB676C257446FE005941D1 /* SuggestionPlace.swift */; };
		9EFB67702574483E005941D1 /* Double+rounded.swift in Sources */ = {isa = PBXBuildFile; fileRef = 9EFB676F2574483D005941D1 /* Double+rounded.swift */; };
		9EFB6774257449B7005941D1 /* SuggestionCell.swift in Sources */ = {isa = PBXBuildFile; fileRef = 9EFB6773257449B7005941D1 /* SuggestionCell.swift */; };
/* End PBXBuildFile section */

/* Begin PBXFileReference section */
		9E17EF06256B1D85005F2BDE /* MockupData.swift */ = {isa = PBXFileReference; lastKnownFileType = sourcecode.swift; path = MockupData.swift; sourceTree = "<group>"; };
		9E17EF09256B2984005F2BDE /* EventService.swift */ = {isa = PBXFileReference; lastKnownFileType = sourcecode.swift; path = EventService.swift; sourceTree = "<group>"; };
		9E26363A253DA28900928B38 /* TJA.app */ = {isa = PBXFileReference; explicitFileType = wrapper.application; includeInIndex = 0; path = TJA.app; sourceTree = BUILT_PRODUCTS_DIR; };
		9E263641253DA29000928B38 /* Assets.xcassets */ = {isa = PBXFileReference; lastKnownFileType = folder.assetcatalog; path = Assets.xcassets; sourceTree = "<group>"; };
		9E263644253DA29000928B38 /* Preview Assets.xcassets */ = {isa = PBXFileReference; lastKnownFileType = folder.assetcatalog; path = "Preview Assets.xcassets"; sourceTree = "<group>"; };
		9E263646253DA29000928B38 /* Info.plist */ = {isa = PBXFileReference; lastKnownFileType = text.plist.xml; path = Info.plist; sourceTree = "<group>"; };
		9E26364F253DA62800928B38 /* LaunchScreen.storyboard */ = {isa = PBXFileReference; lastKnownFileType = file.storyboard; path = LaunchScreen.storyboard; sourceTree = "<group>"; };
		9E263654253DACED00928B38 /* AppDelegate.swift */ = {isa = PBXFileReference; lastKnownFileType = sourcecode.swift; path = AppDelegate.swift; sourceTree = "<group>"; };
		9E263658253DB15200928B38 /* SceneDelegate.swift */ = {isa = PBXFileReference; lastKnownFileType = sourcecode.swift; path = SceneDelegate.swift; sourceTree = "<group>"; };
		9E26365C253DDBF500928B38 /* UserData.swift */ = {isa = PBXFileReference; lastKnownFileType = sourcecode.swift; path = UserData.swift; sourceTree = "<group>"; };
		9E263666253DDDD600928B38 /* SignIn.swift */ = {isa = PBXFileReference; lastKnownFileType = sourcecode.swift; path = SignIn.swift; sourceTree = "<group>"; };
		9E26366A253DDDE900928B38 /* Root.swift */ = {isa = PBXFileReference; lastKnownFileType = sourcecode.swift; path = Root.swift; sourceTree = "<group>"; };
		9E263671253DDFD200928B38 /* Home.swift */ = {isa = PBXFileReference; lastKnownFileType = sourcecode.swift; path = Home.swift; sourceTree = "<group>"; };
		9E2759392588325200421119 /* Encoding.swift */ = {isa = PBXFileReference; lastKnownFileType = sourcecode.swift; path = Encoding.swift; sourceTree = "<group>"; };
		9E2D7785255176BF0040872F /* AuthProvider.swift */ = {isa = PBXFileReference; lastKnownFileType = sourcecode.swift; path = AuthProvider.swift; sourceTree = "<group>"; };
		9E2D779125518C3C0040872F /* ApiKeys.swift */ = {isa = PBXFileReference; lastKnownFileType = sourcecode.swift; path = ApiKeys.swift; sourceTree = "<group>"; };
		9E3343092573EDFF00AE5568 /* WishList.swift */ = {isa = PBXFileReference; lastKnownFileType = sourcecode.swift; path = WishList.swift; sourceTree = "<group>"; };
		9E33430D2573EE6B00AE5568 /* EventCreation.swift */ = {isa = PBXFileReference; lastKnownFileType = sourcecode.swift; path = EventCreation.swift; sourceTree = "<group>"; };
		9E3343112573EEB800AE5568 /* NewAccommodation.swift */ = {isa = PBXFileReference; lastKnownFileType = sourcecode.swift; path = NewAccommodation.swift; sourceTree = "<group>"; };
		9E3343152573EEC400AE5568 /* NewTransfer.swift */ = {isa = PBXFileReference; lastKnownFileType = sourcecode.swift; path = NewTransfer.swift; sourceTree = "<group>"; };
		9E3343182573EECE00AE5568 /* NewActivity.swift */ = {isa = PBXFileReference; lastKnownFileType = sourcecode.swift; path = NewActivity.swift; sourceTree = "<group>"; };
		9E47E072257977AF0022AC08 /* AnyShape.swift */ = {isa = PBXFileReference; lastKnownFileType = sourcecode.swift; path = AnyShape.swift; sourceTree = "<group>"; };
		9E47E075257980400022AC08 /* EdgeInsets+init.swift */ = {isa = PBXFileReference; lastKnownFileType = sourcecode.swift; path = "EdgeInsets+init.swift"; sourceTree = "<group>"; };
		9E47E08F2579A0340022AC08 /* ItemDropDelegate.swift */ = {isa = PBXFileReference; lastKnownFileType = sourcecode.swift; path = ItemDropDelegate.swift; sourceTree = "<group>"; };
		9E487F492569EF64007BC9C7 /* Activity.swift */ = {isa = PBXFileReference; lastKnownFileType = sourcecode.swift; path = Activity.swift; sourceTree = "<group>"; };
		9E487F4C2569F95D007BC9C7 /* KeyedEncodingContainer+values.swift */ = {isa = PBXFileReference; lastKnownFileType = sourcecode.swift; path = "KeyedEncodingContainer+values.swift"; sourceTree = "<group>"; };
		9E487F4F2569FCD2007BC9C7 /* Location.swift */ = {isa = PBXFileReference; lastKnownFileType = sourcecode.swift; path = Location.swift; sourceTree = "<group>"; };
		9E589E59253DFA28003CC8EE /* LogoTitle.swift */ = {isa = PBXFileReference; lastKnownFileType = sourcecode.swift; path = LogoTitle.swift; sourceTree = "<group>"; };
		9E589E5E253E4C20003CC8EE /* FilledButton.swift */ = {isa = PBXFileReference; lastKnownFileType = sourcecode.swift; path = FilledButton.swift; sourceTree = "<group>"; };
		9E589E67253E6D5E003CC8EE /* Colors.xcassets */ = {isa = PBXFileReference; lastKnownFileType = folder.assetcatalog; path = Colors.xcassets; sourceTree = "<group>"; };
		9E589E6A253E7CC4003CC8EE /* BorderedTextField.swift */ = {isa = PBXFileReference; lastKnownFileType = sourcecode.swift; path = BorderedTextField.swift; sourceTree = "<group>"; };
		9E58C7292583F1DE002688EE /* APIResponse.swift */ = {isa = PBXFileReference; lastKnownFileType = sourcecode.swift; path = APIResponse.swift; sourceTree = "<group>"; };
		9E58C72F2584050E002688EE /* AuthService.swift */ = {isa = PBXFileReference; lastKnownFileType = sourcecode.swift; path = AuthService.swift; sourceTree = "<group>"; };
		9E58C733258409EF002688EE /* AuthViewModel.swift */ = {isa = PBXFileReference; lastKnownFileType = sourcecode.swift; path = AuthViewModel.swift; sourceTree = "<group>"; };
		9E58C739258421F8002688EE /* Color.swift */ = {isa = PBXFileReference; lastKnownFileType = sourcecode.swift; path = Color.swift; sourceTree = "<group>"; };
		9E58C73F25842E9C002688EE /* Publisher+sink.swift */ = {isa = PBXFileReference; lastKnownFileType = sourcecode.swift; path = "Publisher+sink.swift"; sourceTree = "<group>"; };
		9E58C74725844254002688EE /* TripsViewModel.swift */ = {isa = PBXFileReference; lastKnownFileType = sourcecode.swift; path = TripsViewModel.swift; sourceTree = "<group>"; };
		9E58C74B258442D4002688EE /* TripData.swift */ = {isa = PBXFileReference; lastKnownFileType = sourcecode.swift; path = TripData.swift; sourceTree = "<group>"; };
		9E5A8ED2256AA63B0037D742 /* EventIcons.swift */ = {isa = PBXFileReference; lastKnownFileType = sourcecode.swift; path = EventIcons.swift; sourceTree = "<group>"; };
		9E5A8ED5256AB17E0037D742 /* EventIcon.swift */ = {isa = PBXFileReference; lastKnownFileType = sourcecode.swift; path = EventIcon.swift; sourceTree = "<group>"; };
		9E5A8EDD256AC49D0037D742 /* BorderTitleImage.swift */ = {isa = PBXFileReference; lastKnownFileType = sourcecode.swift; path = BorderTitleImage.swift; sourceTree = "<group>"; };
		9E5A8EE0256ACA790037D742 /* StrokeText.swift */ = {isa = PBXFileReference; lastKnownFileType = sourcecode.swift; path = StrokeText.swift; sourceTree = "<group>"; };
		9E5A8EE3256AD6680037D742 /* ShadowImage.swift */ = {isa = PBXFileReference; lastKnownFileType = sourcecode.swift; path = ShadowImage.swift; sourceTree = "<group>"; };
		9E5BCCFB25765E50004EB8C1 /* Swipeable.swift */ = {isa = PBXFileReference; lastKnownFileType = sourcecode.swift; path = Swipeable.swift; sourceTree = "<group>"; };
		9E5BCCFE2576629B004EB8C1 /* SwipeableItem.swift */ = {isa = PBXFileReference; lastKnownFileType = sourcecode.swift; path = SwipeableItem.swift; sourceTree = "<group>"; };
		9E5BCD012576AA4B004EB8C1 /* EventCard.swift */ = {isa = PBXFileReference; lastKnownFileType = sourcecode.swift; path = EventCard.swift; sourceTree = "<group>"; };
		9E5BD4012582B7380059D169 /* API.swift */ = {isa = PBXFileReference; lastKnownFileType = sourcecode.swift; path = API.swift; sourceTree = "<group>"; };
		9E5BD4052582D4360059D169 /* APISession.swift */ = {isa = PBXFileReference; lastKnownFileType = sourcecode.swift; path = APISession.swift; sourceTree = "<group>"; };
		9E5BD4082582D9940059D169 /* APIEndpoints.swift */ = {isa = PBXFileReference; lastKnownFileType = sourcecode.swift; path = APIEndpoints.swift; sourceTree = "<group>"; };
		9E64181F258746D7009709D4 /* SearchService.swift */ = {isa = PBXFileReference; lastKnownFileType = sourcecode.swift; path = SearchService.swift; sourceTree = "<group>"; };
		9E6418222587554D009709D4 /* WishViewModel.swift */ = {isa = PBXFileReference; lastKnownFileType = sourcecode.swift; path = WishViewModel.swift; sourceTree = "<group>"; };
		9E641825258757F1009709D4 /* DestinationSearchViewModel.swift */ = {isa = PBXFileReference; lastKnownFileType = sourcecode.swift; path = DestinationSearchViewModel.swift; sourceTree = "<group>"; };
		9E641828258758C9009709D4 /* AccommodationSearchViewModel.swift */ = {isa = PBXFileReference; lastKnownFileType = sourcecode.swift; path = AccommodationSearchViewModel.swift; sourceTree = "<group>"; };
		9E64182B258758E6009709D4 /* TransferPointSearchViewModel.swift */ = {isa = PBXFileReference; lastKnownFileType = sourcecode.swift; path = TransferPointSearchViewModel.swift; sourceTree = "<group>"; };
		9E64182E258758F3009709D4 /* EventSearchViewModel.swift */ = {isa = PBXFileReference; lastKnownFileType = sourcecode.swift; path = EventSearchViewModel.swift; sourceTree = "<group>"; };
		9E64183125876115009709D4 /* ActivityService.swift */ = {isa = PBXFileReference; lastKnownFileType = sourcecode.swift; path = ActivityService.swift; sourceTree = "<group>"; };
		9E6889242575277C0065D165 /* SuggestionCard.swift */ = {isa = PBXFileReference; lastKnownFileType = sourcecode.swift; path = SuggestionCard.swift; sourceTree = "<group>"; };
		9E688927257536FA0065D165 /* PopUpContainer.swift */ = {isa = PBXFileReference; lastKnownFileType = sourcecode.swift; path = PopUpContainer.swift; sourceTree = "<group>"; };
		9E68892B257576FA0065D165 /* MagicMode.swift */ = {isa = PBXFileReference; lastKnownFileType = sourcecode.swift; path = MagicMode.swift; sourceTree = "<group>"; };
		9E6A548C2584576A0041A340 /* TripService.swift */ = {isa = PBXFileReference; lastKnownFileType = sourcecode.swift; path = TripService.swift; sourceTree = "<group>"; };
		9E76D1862572EA850063C4BE /* AddButtonsStack.swift */ = {isa = PBXFileReference; lastKnownFileType = sourcecode.swift; path = AddButtonsStack.swift; sourceTree = "<group>"; };
		9E824DC025673E2900AE3F77 /* MapFilters.swift */ = {isa = PBXFileReference; lastKnownFileType = sourcecode.swift; path = MapFilters.swift; sourceTree = "<group>"; };
		9E83FEB7255C44FC0008F8DC /* MyTrips.swift */ = {isa = PBXFileReference; lastKnownFileType = sourcecode.swift; path = MyTrips.swift; sourceTree = "<group>"; };
		9E932FB225758FAA009FC2E8 /* SegmentedContainer.swift */ = {isa = PBXFileReference; lastKnownFileType = sourcecode.swift; path = SegmentedContainer.swift; sourceTree = "<group>"; };
		9E932FB525759207009FC2E8 /* TripContainer.swift */ = {isa = PBXFileReference; lastKnownFileType = sourcecode.swift; path = TripContainer.swift; sourceTree = "<group>"; };
		9E932FB9257596A5009FC2E8 /* WishItemsContainer.swift */ = {isa = PBXFileReference; lastKnownFileType = sourcecode.swift; path = WishItemsContainer.swift; sourceTree = "<group>"; };
		9E932FBD2575971A009FC2E8 /* SuggestionsContainer.swift */ = {isa = PBXFileReference; lastKnownFileType = sourcecode.swift; path = SuggestionsContainer.swift; sourceTree = "<group>"; };
		9E932FC025759A8D009FC2E8 /* String+capitalize.swift */ = {isa = PBXFileReference; lastKnownFileType = sourcecode.swift; path = "String+capitalize.swift"; sourceTree = "<group>"; };
		9E971AF0254ECDB7008FC02F /* GoogleSignInDependencies.framework */ = {isa = PBXFileReference; lastKnownFileType = wrapper.framework; path = GoogleSignInDependencies.framework; sourceTree = "<group>"; };
		9E971AF1254ECDB8008FC02F /* GoogleSignIn.bundle */ = {isa = PBXFileReference; lastKnownFileType = "wrapper.plug-in"; path = GoogleSignIn.bundle; sourceTree = "<group>"; };
		9E971AF2254ECDB9008FC02F /* GoogleSignIn.framework */ = {isa = PBXFileReference; lastKnownFileType = wrapper.framework; path = GoogleSignIn.framework; sourceTree = "<group>"; };
		9E971AFA254ECE91008FC02F /* LocalAuthentication.framework */ = {isa = PBXFileReference; lastKnownFileType = wrapper.framework; name = LocalAuthentication.framework; path = System/Library/Frameworks/LocalAuthentication.framework; sourceTree = SDKROOT; };
		9E971AFC254ECE9A008FC02F /* SafariServices.framework */ = {isa = PBXFileReference; lastKnownFileType = wrapper.framework; name = SafariServices.framework; path = System/Library/Frameworks/SafariServices.framework; sourceTree = SDKROOT; };
		9E971AFE254ECEA2008FC02F /* AuthenticationServices.framework */ = {isa = PBXFileReference; lastKnownFileType = wrapper.framework; name = AuthenticationServices.framework; path = System/Library/Frameworks/AuthenticationServices.framework; sourceTree = SDKROOT; };
		9E971B00254ECEAE008FC02F /* SystemConfiguration.framework */ = {isa = PBXFileReference; lastKnownFileType = wrapper.framework; name = SystemConfiguration.framework; path = System/Library/Frameworks/SystemConfiguration.framework; sourceTree = SDKROOT; };
		9E98CB322559E7C900AF29EA /* APIConstants.swift */ = {isa = PBXFileReference; lastKnownFileType = sourcecode.swift; path = APIConstants.swift; sourceTree = "<group>"; };
		9E98CB352559EE4E00AF29EA /* UserDefault.swift */ = {isa = PBXFileReference; lastKnownFileType = sourcecode.swift; path = UserDefault.swift; sourceTree = "<group>"; };
		9E98CB392559F12A00AF29EA /* UserDefaultsConfig.swift */ = {isa = PBXFileReference; lastKnownFileType = sourcecode.swift; path = UserDefaultsConfig.swift; sourceTree = "<group>"; };
		9E9C8A2525816BA700AFA3AC /* Loadable.swift */ = {isa = PBXFileReference; lastKnownFileType = sourcecode.swift; path = Loadable.swift; sourceTree = "<group>"; };
		9EAD851325880E900041737F /* FlatLink.swift */ = {isa = PBXFileReference; lastKnownFileType = sourcecode.swift; path = FlatLink.swift; sourceTree = "<group>"; };
		9EAD8516258810770041737F /* ActivityData.swift */ = {isa = PBXFileReference; lastKnownFileType = sourcecode.swift; path = ActivityData.swift; sourceTree = "<group>"; };
		9EAD851B258820C10041737F /* ActivityViewModel.swift */ = {isa = PBXFileReference; lastKnownFileType = sourcecode.swift; path = ActivityViewModel.swift; sourceTree = "<group>"; };
		9EB47CCC2566874B0065C641 /* Date+compare.swift */ = {isa = PBXFileReference; lastKnownFileType = sourcecode.swift; path = "Date+compare.swift"; sourceTree = "<group>"; };
		9EB47CD525669B970065C641 /* Map.swift */ = {isa = PBXFileReference; lastKnownFileType = sourcecode.swift; path = Map.swift; sourceTree = "<group>"; };
		9EB47CDD2566C2A70065C641 /* MapContainer.swift */ = {isa = PBXFileReference; lastKnownFileType = sourcecode.swift; path = MapContainer.swift; sourceTree = "<group>"; };
		9EB47CE12566CEE80065C641 /* DaysContainer.swift */ = {isa = PBXFileReference; lastKnownFileType = sourcecode.swift; path = DaysContainer.swift; sourceTree = "<group>"; };
		9EB47CEA2566D5F50065C641 /* View+toAny.swift */ = {isa = PBXFileReference; lastKnownFileType = sourcecode.swift; path = "View+toAny.swift"; sourceTree = "<group>"; };
		9EB47CF22566E71C0065C641 /* LocationService.swift */ = {isa = PBXFileReference; lastKnownFileType = sourcecode.swift; path = LocationService.swift; sourceTree = "<group>"; };
		9EB47CF5256722650065C641 /* SharpBorderButton.swift */ = {isa = PBXFileReference; lastKnownFileType = sourcecode.swift; path = SharpBorderButton.swift; sourceTree = "<group>"; };
		9EBB6259255ABED1005F41C0 /* Account.swift */ = {isa = PBXFileReference; lastKnownFileType = sourcecode.swift; path = Account.swift; sourceTree = "<group>"; };
		9EC9207D2561B2E2001A40CC /* UnderlinedTextField.swift */ = {isa = PBXFileReference; lastKnownFileType = sourcecode.swift; path = UnderlinedTextField.swift; sourceTree = "<group>"; };
		9EC920802561DFC2001A40CC /* Binding+didSet.swift */ = {isa = PBXFileReference; lastKnownFileType = sourcecode.swift; path = "Binding+didSet.swift"; sourceTree = "<group>"; };
		9ED5072E254B1EEB00401E2A /* NetworkMonitor.swift */ = {isa = PBXFileReference; lastKnownFileType = sourcecode.swift; path = NetworkMonitor.swift; sourceTree = "<group>"; };
		9ED5073B254B6F5000401E2A /* Keyboard.swift */ = {isa = PBXFileReference; lastKnownFileType = sourcecode.swift; path = Keyboard.swift; sourceTree = "<group>"; };
		9ED7DC3A257320A80005E42F /* BlurView.swift */ = {isa = PBXFileReference; lastKnownFileType = sourcecode.swift; path = BlurView.swift; sourceTree = "<group>"; };
		9EE669382563F9AD0018B82A /* CircleButton.swift */ = {isa = PBXFileReference; lastKnownFileType = sourcecode.swift; path = CircleButton.swift; sourceTree = "<group>"; };
		9EE6693B256402DF0018B82A /* CreateTrip.swift */ = {isa = PBXFileReference; lastKnownFileType = sourcecode.swift; path = CreateTrip.swift; sourceTree = "<group>"; };
		9EE6693E25640E250018B82A /* Constants.swift */ = {isa = PBXFileReference; lastKnownFileType = sourcecode.swift; path = Constants.swift; sourceTree = "<group>"; };
		9EE66941256418C40018B82A /* DatePickerTextField.swift */ = {isa = PBXFileReference; lastKnownFileType = sourcecode.swift; path = DatePickerTextField.swift; sourceTree = "<group>"; };
		9EE66945256432790018B82A /* DayCell.swift */ = {isa = PBXFileReference; lastKnownFileType = sourcecode.swift; path = DayCell.swift; sourceTree = "<group>"; };
		9EED544A25630B0C00098500 /* TripCell.swift */ = {isa = PBXFileReference; lastKnownFileType = sourcecode.swift; path = TripCell.swift; sourceTree = "<group>"; };
		9EED544D2563116600098500 /* Trip.swift */ = {isa = PBXFileReference; lastKnownFileType = sourcecode.swift; path = Trip.swift; sourceTree = "<group>"; };
		9EED5454256316F800098500 /* Formatters.swift */ = {isa = PBXFileReference; lastKnownFileType = sourcecode.swift; path = Formatters.swift; sourceTree = "<group>"; };
		9EF3695F2578320000345B20 /* PipelineItem.swift */ = {isa = PBXFileReference; lastKnownFileType = sourcecode.swift; path = PipelineItem.swift; sourceTree = "<group>"; };
		9EF36962257836A100345B20 /* CircleIcon.swift */ = {isa = PBXFileReference; lastKnownFileType = sourcecode.swift; path = CircleIcon.swift; sourceTree = "<group>"; };
		9EF3696525783F4000345B20 /* PreferenceKeys.swift */ = {isa = PBXFileReference; lastKnownFileType = sourcecode.swift; path = PreferenceKeys.swift; sourceTree = "<group>"; };
		9EF36968257847B900345B20 /* DraggableSplash.swift */ = {isa = PBXFileReference; lastKnownFileType = sourcecode.swift; path = DraggableSplash.swift; sourceTree = "<group>"; };
		9EFB6766257423D1005941D1 /* WishItem.swift */ = {isa = PBXFileReference; lastKnownFileType = sourcecode.swift; path = WishItem.swift; sourceTree = "<group>"; };
		9EFB676925742A17005941D1 /* Grid.swift */ = {isa = PBXFileReference; lastKnownFileType = sourcecode.swift; path = Grid.swift; sourceTree = "<group>"; };
		9EFB676C257446FE005941D1 /* SuggestionPlace.swift */ = {isa = PBXFileReference; lastKnownFileType = sourcecode.swift; path = SuggestionPlace.swift; sourceTree = "<group>"; };
		9EFB676F2574483D005941D1 /* Double+rounded.swift */ = {isa = PBXFileReference; lastKnownFileType = sourcecode.swift; path = "Double+rounded.swift"; sourceTree = "<group>"; };
		9EFB6773257449B7005941D1 /* SuggestionCell.swift */ = {isa = PBXFileReference; lastKnownFileType = sourcecode.swift; path = SuggestionCell.swift; sourceTree = "<group>"; };
/* End PBXFileReference section */

/* Begin PBXFrameworksBuildPhase section */
		9E263637253DA28900928B38 /* Frameworks */ = {
			isa = PBXFrameworksBuildPhase;
			buildActionMask = 2147483647;
			files = (
				9E971B01254ECEAE008FC02F /* SystemConfiguration.framework in Frameworks */,
				9E971AFF254ECEA2008FC02F /* AuthenticationServices.framework in Frameworks */,
				9E971AFD254ECE9A008FC02F /* SafariServices.framework in Frameworks */,
				9E971AFB254ECE91008FC02F /* LocalAuthentication.framework in Frameworks */,
				9E971AF3254ECDB9008FC02F /* GoogleSignInDependencies.framework in Frameworks */,
				9EED545925632C1900098500 /* KingfisherSwiftUI in Frameworks */,
				9E971AF5254ECDB9008FC02F /* GoogleSignIn.framework in Frameworks */,
			);
			runOnlyForDeploymentPostprocessing = 0;
		};
/* End PBXFrameworksBuildPhase section */

/* Begin PBXGroup section */
		9E263631253DA28900928B38 = {
			isa = PBXGroup;
			children = (
				9E26363C253DA28900928B38 /* TJA */,
				9E26363B253DA28900928B38 /* Products */,
				9E971AF9254ECE91008FC02F /* Frameworks */,
			);
			sourceTree = "<group>";
		};
		9E26363B253DA28900928B38 /* Products */ = {
			isa = PBXGroup;
			children = (
				9E26363A253DA28900928B38 /* TJA.app */,
			);
			name = Products;
			sourceTree = "<group>";
		};
		9E26363C253DA28900928B38 /* TJA */ = {
			isa = PBXGroup;
			children = (
				9E26365B253DDBBD00928B38 /* Models */,
				9E98CB2C2559E06900AF29EA /* API */,
				9ED5072D254B1ECD00401E2A /* Services */,
				9E58C73225840528002688EE /* ViewModels */,
				9E98CB2B2559E05800AF29EA /* UI */,
				9E263661253DDD8400928B38 /* Views */,
				9ED5073A254B6F3900401E2A /* Misc */,
				9E2D779025518BD80040872F /* Private */,
				9E263660253DDD7100928B38 /* App */,
				9E263641253DA29000928B38 /* Assets.xcassets */,
				9E263646253DA29000928B38 /* Info.plist */,
				9E26364F253DA62800928B38 /* LaunchScreen.storyboard */,
				9E589E67253E6D5E003CC8EE /* Colors.xcassets */,
				9E971AF7254ECDC4008FC02F /* GoogleSignin */,
				9E263643253DA29000928B38 /* Preview Content */,
			);
			path = TJA;
			sourceTree = "<group>";
		};
		9E263643253DA29000928B38 /* Preview Content */ = {
			isa = PBXGroup;
			children = (
				9E263644253DA29000928B38 /* Preview Assets.xcassets */,
			);
			path = "Preview Content";
			sourceTree = "<group>";
		};
		9E26365B253DDBBD00928B38 /* Models */ = {
			isa = PBXGroup;
			children = (
				9E5AE2C425653D3D0033EF6F /* Trip */,
				9E5AE2C325653D380033EF6F /* User */,
				9E5AE2C225653D310033EF6F /* Auth */,
				9E5BCCFE2576629B004EB8C1 /* SwipeableItem.swift */,
				9E58C7292583F1DE002688EE /* APIResponse.swift */,
			);
			path = Models;
			sourceTree = "<group>";
		};
		9E263660253DDD7100928B38 /* App */ = {
			isa = PBXGroup;
			children = (
				9E263654253DACED00928B38 /* AppDelegate.swift */,
				9E263658253DB15200928B38 /* SceneDelegate.swift */,
				9E26366A253DDDE900928B38 /* Root.swift */,
			);
			path = App;
			sourceTree = "<group>";
		};
		9E263661253DDD8400928B38 /* Views */ = {
			isa = PBXGroup;
			children = (
				9E68892A257576E60065D165 /* Magic */,
				9E688937257588AD0065D165 /* Wish */,
				9E688936257588910065D165 /* EventCreation */,
				9E5AE2C025653CFD0033EF6F /* Trip */,
				9E5AE2BF25653CE20033EF6F /* Home */,
				9E5AE2BE25653CD70033EF6F /* Auth */,
			);
			path = Views;
			sourceTree = "<group>";
		};
		9E2D779025518BD80040872F /* Private */ = {
			isa = PBXGroup;
			children = (
				9E2D779125518C3C0040872F /* ApiKeys.swift */,
			);
			path = Private;
			sourceTree = "<group>";
		};
		9E589E58253DF9AD003CC8EE /* UIComponents */ = {
			isa = PBXGroup;
			children = (
				9E589E59253DFA28003CC8EE /* LogoTitle.swift */,
				9EC9207D2561B2E2001A40CC /* UnderlinedTextField.swift */,
				9EE66941256418C40018B82A /* DatePickerTextField.swift */,
				9E5A8EDD256AC49D0037D742 /* BorderTitleImage.swift */,
				9E5A8EE0256ACA790037D742 /* StrokeText.swift */,
				9E5A8EE3256AD6680037D742 /* ShadowImage.swift */,
				9E76D1862572EA850063C4BE /* AddButtonsStack.swift */,
				9ED7DC3A257320A80005E42F /* BlurView.swift */,
			);
			path = UIComponents;
			sourceTree = "<group>";
		};
		9E58C73225840528002688EE /* ViewModels */ = {
			isa = PBXGroup;
			children = (
				9E58C733258409EF002688EE /* AuthViewModel.swift */,
				9E58C74725844254002688EE /* TripsViewModel.swift */,
				9E6418222587554D009709D4 /* WishViewModel.swift */,
				9E641825258757F1009709D4 /* DestinationSearchViewModel.swift */,
				9E641828258758C9009709D4 /* AccommodationSearchViewModel.swift */,
				9E64182B258758E6009709D4 /* TransferPointSearchViewModel.swift */,
				9E64182E258758F3009709D4 /* EventSearchViewModel.swift */,
				9EAD851B258820C10041737F /* ActivityViewModel.swift */,
			);
			path = ViewModels;
			sourceTree = "<group>";
		};
		9E5AE2BE25653CD70033EF6F /* Auth */ = {
			isa = PBXGroup;
			children = (
				9E263666253DDDD600928B38 /* SignIn.swift */,
			);
			path = Auth;
			sourceTree = "<group>";
		};
		9E5AE2BF25653CE20033EF6F /* Home */ = {
			isa = PBXGroup;
			children = (
				9EBB6259255ABED1005F41C0 /* Account.swift */,
				9E263671253DDFD200928B38 /* Home.swift */,
				9E83FEB7255C44FC0008F8DC /* MyTrips.swift */,
			);
			path = Home;
			sourceTree = "<group>";
		};
		9E5AE2C025653CFD0033EF6F /* Trip */ = {
			isa = PBXGroup;
			children = (
				9EE6693B256402DF0018B82A /* CreateTrip.swift */,
				9E932FB525759207009FC2E8 /* TripContainer.swift */,
			);
			path = Trip;
			sourceTree = "<group>";
		};
		9E5AE2C225653D310033EF6F /* Auth */ = {
			isa = PBXGroup;
			children = (
				9E2D7785255176BF0040872F /* AuthProvider.swift */,
			);
			path = Auth;
			sourceTree = "<group>";
		};
		9E5AE2C325653D380033EF6F /* User */ = {
			isa = PBXGroup;
			children = (
				9E26365C253DDBF500928B38 /* UserData.swift */,
			);
			path = User;
			sourceTree = "<group>";
		};
		9E5AE2C425653D3D0033EF6F /* Trip */ = {
			isa = PBXGroup;
			children = (
				9EED544D2563116600098500 /* Trip.swift */,
				9E487F492569EF64007BC9C7 /* Activity.swift */,
				9E487F4F2569FCD2007BC9C7 /* Location.swift */,
				9E5A8ED2256AA63B0037D742 /* EventIcons.swift */,
				9EFB6766257423D1005941D1 /* WishItem.swift */,
				9EFB676C257446FE005941D1 /* SuggestionPlace.swift */,
				9E58C74B258442D4002688EE /* TripData.swift */,
				9EAD8516258810770041737F /* ActivityData.swift */,
			);
			path = Trip;
			sourceTree = "<group>";
		};
		9E68892A257576E60065D165 /* Magic */ = {
			isa = PBXGroup;
			children = (
				9E68892B257576FA0065D165 /* MagicMode.swift */,
			);
			path = Magic;
			sourceTree = "<group>";
		};
		9E688930257586AF0065D165 /* Containers */ = {
			isa = PBXGroup;
			children = (
				9EFB676925742A17005941D1 /* Grid.swift */,
				9E688927257536FA0065D165 /* PopUpContainer.swift */,
				9EB47CE12566CEE80065C641 /* DaysContainer.swift */,
				9EB47CDD2566C2A70065C641 /* MapContainer.swift */,
				9E932FB225758FAA009FC2E8 /* SegmentedContainer.swift */,
				9E932FBD2575971A009FC2E8 /* SuggestionsContainer.swift */,
				9E5BCCFB25765E50004EB8C1 /* Swipeable.swift */,
			);
			path = Containers;
			sourceTree = "<group>";
		};
		9E6889322575876E0065D165 /* EventComponents */ = {
			isa = PBXGroup;
			children = (
				9EF36968257847B900345B20 /* DraggableSplash.swift */,
				9E5A8ED5256AB17E0037D742 /* EventIcon.swift */,
				9E5BCD012576AA4B004EB8C1 /* EventCard.swift */,
				9EF3695F2578320000345B20 /* PipelineItem.swift */,
				9EF36962257836A100345B20 /* CircleIcon.swift */,
			);
			path = EventComponents;
			sourceTree = "<group>";
		};
		9E688936257588910065D165 /* EventCreation */ = {
			isa = PBXGroup;
			children = (
				9E3343112573EEB800AE5568 /* NewAccommodation.swift */,
				9E3343152573EEC400AE5568 /* NewTransfer.swift */,
				9E3343182573EECE00AE5568 /* NewActivity.swift */,
				9E33430D2573EE6B00AE5568 /* EventCreation.swift */,
			);
			path = EventCreation;
			sourceTree = "<group>";
		};
		9E688937257588AD0065D165 /* Wish */ = {
			isa = PBXGroup;
			children = (
				9E3343092573EDFF00AE5568 /* WishList.swift */,
				9E932FB9257596A5009FC2E8 /* WishItemsContainer.swift */,
			);
			path = Wish;
			sourceTree = "<group>";
		};
		9E83FEBA255C4D2E0008F8DC /* Extensions */ = {
			isa = PBXGroup;
			children = (
				9EC920802561DFC2001A40CC /* Binding+didSet.swift */,
				9EB47CCC2566874B0065C641 /* Date+compare.swift */,
				9EB47CEA2566D5F50065C641 /* View+toAny.swift */,
				9E487F4C2569F95D007BC9C7 /* KeyedEncodingContainer+values.swift */,
				9EFB676F2574483D005941D1 /* Double+rounded.swift */,
				9E932FC025759A8D009FC2E8 /* String+capitalize.swift */,
				9E47E075257980400022AC08 /* EdgeInsets+init.swift */,
				9E58C73F25842E9C002688EE /* Publisher+sink.swift */,
			);
			path = Extensions;
			sourceTree = "<group>";
		};
		9E971AF7254ECDC4008FC02F /* GoogleSignin */ = {
			isa = PBXGroup;
			children = (
				9E971AF1254ECDB8008FC02F /* GoogleSignIn.bundle */,
				9E971AF2254ECDB9008FC02F /* GoogleSignIn.framework */,
				9E971AF0254ECDB7008FC02F /* GoogleSignInDependencies.framework */,
			);
			path = GoogleSignin;
			sourceTree = "<group>";
		};
		9E971AF9254ECE91008FC02F /* Frameworks */ = {
			isa = PBXGroup;
			children = (
				9E971B00254ECEAE008FC02F /* SystemConfiguration.framework */,
				9E971AFE254ECEA2008FC02F /* AuthenticationServices.framework */,
				9E971AFC254ECE9A008FC02F /* SafariServices.framework */,
				9E971AFA254ECE91008FC02F /* LocalAuthentication.framework */,
			);
			name = Frameworks;
			sourceTree = "<group>";
		};
		9E98CB2B2559E05800AF29EA /* UI */ = {
			isa = PBXGroup;
			children = (
				9E688930257586AF0065D165 /* Containers */,
				9EFB6772257449A1005941D1 /* WishComponents */,
				9E6889322575876E0065D165 /* EventComponents */,
				9EE66944256432300018B82A /* TripComponents */,
				9EB47CD425669B7F0065C641 /* MapComponents */,
				9E589E58253DF9AD003CC8EE /* UIComponents */,
				9E98CB2E2559E50E00AF29EA /* Styles */,
			);
			path = UI;
			sourceTree = "<group>";
		};
		9E98CB2C2559E06900AF29EA /* API */ = {
			isa = PBXGroup;
			children = (
				9E9C8A2525816BA700AFA3AC /* Loadable.swift */,
				9E98CB322559E7C900AF29EA /* APIConstants.swift */,
				9E5BD4012582B7380059D169 /* API.swift */,
				9E5BD4052582D4360059D169 /* APISession.swift */,
				9E5BD4082582D9940059D169 /* APIEndpoints.swift */,
				9E2759392588325200421119 /* Encoding.swift */,
			);
			path = API;
			sourceTree = "<group>";
		};
		9E98CB2E2559E50E00AF29EA /* Styles */ = {
			isa = PBXGroup;
			children = (
				9E589E5E253E4C20003CC8EE /* FilledButton.swift */,
				9E589E6A253E7CC4003CC8EE /* BorderedTextField.swift */,
				9EE669382563F9AD0018B82A /* CircleButton.swift */,
				9EB47CF5256722650065C641 /* SharpBorderButton.swift */,
				9EAD851325880E900041737F /* FlatLink.swift */,
			);
			path = Styles;
			sourceTree = "<group>";
		};
		9E98CB382559F0B700AF29EA /* Persistence */ = {
			isa = PBXGroup;
			children = (
				9E98CB352559EE4E00AF29EA /* UserDefault.swift */,
				9E98CB392559F12A00AF29EA /* UserDefaultsConfig.swift */,
			);
			path = Persistence;
			sourceTree = "<group>";
		};
		9EB47CD425669B7F0065C641 /* MapComponents */ = {
			isa = PBXGroup;
			children = (
				9EB47CD525669B970065C641 /* Map.swift */,
				9E824DC025673E2900AE3F77 /* MapFilters.swift */,
			);
			path = MapComponents;
			sourceTree = "<group>";
		};
		9ED5072D254B1ECD00401E2A /* Services */ = {
			isa = PBXGroup;
			children = (
				9ED5072E254B1EEB00401E2A /* NetworkMonitor.swift */,
				9EB47CF22566E71C0065C641 /* LocationService.swift */,
				9E17EF09256B2984005F2BDE /* EventService.swift */,
				9E58C72F2584050E002688EE /* AuthService.swift */,
				9E6A548C2584576A0041A340 /* TripService.swift */,
				9E64181F258746D7009709D4 /* SearchService.swift */,
				9E64183125876115009709D4 /* ActivityService.swift */,
			);
			path = Services;
			sourceTree = "<group>";
		};
		9ED5073A254B6F3900401E2A /* Misc */ = {
			isa = PBXGroup;
			children = (
				9E83FEBA255C4D2E0008F8DC /* Extensions */,
				9E98CB382559F0B700AF29EA /* Persistence */,
				9ED5073B254B6F5000401E2A /* Keyboard.swift */,
				9EED5454256316F800098500 /* Formatters.swift */,
				9EE6693E25640E250018B82A /* Constants.swift */,
				9E17EF06256B1D85005F2BDE /* MockupData.swift */,
				9EF3696525783F4000345B20 /* PreferenceKeys.swift */,
				9E47E072257977AF0022AC08 /* AnyShape.swift */,
				9E47E08F2579A0340022AC08 /* ItemDropDelegate.swift */,
				9E58C739258421F8002688EE /* Color.swift */,
			);
			path = Misc;
			sourceTree = "<group>";
		};
		9EE66944256432300018B82A /* TripComponents */ = {
			isa = PBXGroup;
			children = (
				9EED544A25630B0C00098500 /* TripCell.swift */,
				9EE66945256432790018B82A /* DayCell.swift */,
			);
			path = TripComponents;
			sourceTree = "<group>";
		};
		9EFB6772257449A1005941D1 /* WishComponents */ = {
			isa = PBXGroup;
			children = (
				9EFB6773257449B7005941D1 /* SuggestionCell.swift */,
				9E6889242575277C0065D165 /* SuggestionCard.swift */,
			);
			path = WishComponents;
			sourceTree = "<group>";
		};
/* End PBXGroup section */

/* Begin PBXNativeTarget section */
		9E263639253DA28900928B38 /* TJA */ = {
			isa = PBXNativeTarget;
			buildConfigurationList = 9E263649253DA29000928B38 /* Build configuration list for PBXNativeTarget "TJA" */;
			buildPhases = (
				9E263636253DA28900928B38 /* Sources */,
				9E263637253DA28900928B38 /* Frameworks */,
				9E263638253DA28900928B38 /* Resources */,
			);
			buildRules = (
			);
			dependencies = (
			);
			name = TJA;
			packageProductDependencies = (
				9EED545825632C1900098500 /* KingfisherSwiftUI */,
			);
			productName = TJA;
			productReference = 9E26363A253DA28900928B38 /* TJA.app */;
			productType = "com.apple.product-type.application";
		};
/* End PBXNativeTarget section */

/* Begin PBXProject section */
		9E263632253DA28900928B38 /* Project object */ = {
			isa = PBXProject;
			attributes = {
				LastSwiftUpdateCheck = 1200;
				LastUpgradeCheck = 1200;
				ORGANIZATIONNAME = MironRogovets;
				TargetAttributes = {
					9E263639253DA28900928B38 = {
						CreatedOnToolsVersion = 12.0;
					};
				};
			};
			buildConfigurationList = 9E263635253DA28900928B38 /* Build configuration list for PBXProject "TJA" */;
			compatibilityVersion = "Xcode 9.3";
			developmentRegion = en;
			hasScannedForEncodings = 0;
			knownRegions = (
				en,
				Base,
			);
			mainGroup = 9E263631253DA28900928B38;
			packageReferences = (
				9EED545725632C1900098500 /* XCRemoteSwiftPackageReference "Kingfisher" */,
			);
			productRefGroup = 9E26363B253DA28900928B38 /* Products */;
			projectDirPath = "";
			projectRoot = "";
			targets = (
				9E263639253DA28900928B38 /* TJA */,
			);
		};
/* End PBXProject section */

/* Begin PBXResourcesBuildPhase section */
		9E263638253DA28900928B38 /* Resources */ = {
			isa = PBXResourcesBuildPhase;
			buildActionMask = 2147483647;
			files = (
				9E263650253DA62800928B38 /* LaunchScreen.storyboard in Resources */,
				9E971AF4254ECDB9008FC02F /* GoogleSignIn.bundle in Resources */,
				9E589E68253E6D5E003CC8EE /* Colors.xcassets in Resources */,
				9E263645253DA29000928B38 /* Preview Assets.xcassets in Resources */,
				9E263642253DA29000928B38 /* Assets.xcassets in Resources */,
			);
			runOnlyForDeploymentPostprocessing = 0;
		};
/* End PBXResourcesBuildPhase section */

/* Begin PBXSourcesBuildPhase section */
		9E263636253DA28900928B38 /* Sources */ = {
			isa = PBXSourcesBuildPhase;
			buildActionMask = 2147483647;
			files = (
				9E5A8EE1256ACA7A0037D742 /* StrokeText.swift in Sources */,
				9E6A548D2584576A0041A340 /* TripService.swift in Sources */,
				9E641826258757F1009709D4 /* DestinationSearchViewModel.swift in Sources */,
				9E83FEB8255C44FC0008F8DC /* MyTrips.swift in Sources */,
				9E932FB325758FAA009FC2E8 /* SegmentedContainer.swift in Sources */,
				9E688928257536FA0065D165 /* PopUpContainer.swift in Sources */,
				9E5BCD022576AA4D004EB8C1 /* EventCard.swift in Sources */,
				9E5A8ED6256AB17E0037D742 /* EventIcon.swift in Sources */,
				9E98CB362559EE4E00AF29EA /* UserDefault.swift in Sources */,
				9E3343162573EEC400AE5568 /* NewTransfer.swift in Sources */,
				9E5BD4062582D4360059D169 /* APISession.swift in Sources */,
				9E17EF07256B1D85005F2BDE /* MockupData.swift in Sources */,
				9E2D779225518C3C0040872F /* ApiKeys.swift in Sources */,
				9E6889252575277C0065D165 /* SuggestionCard.swift in Sources */,
				9E5BCCFC25765E51004EB8C1 /* Swipeable.swift in Sources */,
				9E5BCCFF2576629B004EB8C1 /* SwipeableItem.swift in Sources */,
				9EAD8517258810770041737F /* ActivityData.swift in Sources */,
				9EFB6767257423D1005941D1 /* WishItem.swift in Sources */,
				9E27593A2588325200421119 /* Encoding.swift in Sources */,
				9E5BD4022582B7380059D169 /* API.swift in Sources */,
				9EED5455256316F800098500 /* Formatters.swift in Sources */,
				9EB47CD625669B970065C641 /* Map.swift in Sources */,
				9E33430E2573EE6B00AE5568 /* EventCreation.swift in Sources */,
				9E76D1872572EA850063C4BE /* AddButtonsStack.swift in Sources */,
				9E47E073257977AF0022AC08 /* AnyShape.swift in Sources */,
				9E3343192573EECE00AE5568 /* NewActivity.swift in Sources */,
				9EED544B25630B0C00098500 /* TripCell.swift in Sources */,
				9E68892C257576FB0065D165 /* MagicMode.swift in Sources */,
				9E64182F258758F3009709D4 /* EventSearchViewModel.swift in Sources */,
				9EE6693F25640E260018B82A /* Constants.swift in Sources */,
				9E263655253DACED00928B38 /* AppDelegate.swift in Sources */,
				9E641820258746D7009709D4 /* SearchService.swift in Sources */,
				9EB47CDE2566C2A70065C641 /* MapContainer.swift in Sources */,
				9E58C73A258421F8002688EE /* Color.swift in Sources */,
				9E5A8ED3256AA63B0037D742 /* EventIcons.swift in Sources */,
				9E58C72A2583F1DE002688EE /* APIResponse.swift in Sources */,
				9E17EF0A256B2984005F2BDE /* EventService.swift in Sources */,
				9E58C74825844254002688EE /* TripsViewModel.swift in Sources */,
				9E263667253DDDD700928B38 /* SignIn.swift in Sources */,
				9E263659253DB15200928B38 /* SceneDelegate.swift in Sources */,
				9E58C74C258442D4002688EE /* TripData.swift in Sources */,
				9E5BD4092582D9940059D169 /* APIEndpoints.swift in Sources */,
				9EBB625A255ABED1005F41C0 /* Account.swift in Sources */,
				9ED5073C254B6F5000401E2A /* Keyboard.swift in Sources */,
				9E824DC125673E2900AE3F77 /* MapFilters.swift in Sources */,
				9E33430A2573EDFF00AE5568 /* WishList.swift in Sources */,
				9EB47CF32566E71C0065C641 /* LocationService.swift in Sources */,
				9E58C74025842E9C002688EE /* Publisher+sink.swift in Sources */,
				9E64183225876115009709D4 /* ActivityService.swift in Sources */,
				9E47E0902579A0340022AC08 /* ItemDropDelegate.swift in Sources */,
				9EE66942256418C50018B82A /* DatePickerTextField.swift in Sources */,
				9EF369602578320100345B20 /* PipelineItem.swift in Sources */,
				9EE6693C256402DF0018B82A /* CreateTrip.swift in Sources */,
				9EC920812561DFC4001A40CC /* Binding+didSet.swift in Sources */,
				9EB47CEB2566D5F50065C641 /* View+toAny.swift in Sources */,
				9E2D7786255176BF0040872F /* AuthProvider.swift in Sources */,
				9E64182C258758E6009709D4 /* TransferPointSearchViewModel.swift in Sources */,
				9EFB676A25742A17005941D1 /* Grid.swift in Sources */,
				9EED544E2563116600098500 /* Trip.swift in Sources */,
				9EC9207E2561B2E3001A40CC /* UnderlinedTextField.swift in Sources */,
				9EFB67702574483E005941D1 /* Double+rounded.swift in Sources */,
				9EAD851425880E910041737F /* FlatLink.swift in Sources */,
				9E26365D253DDBF500928B38 /* UserData.swift in Sources */,
				9EAD851C258820C10041737F /* ActivityViewModel.swift in Sources */,
				9EB47CF6256722660065C641 /* SharpBorderButton.swift in Sources */,
				9E9C8A2625816BA700AFA3AC /* Loadable.swift in Sources */,
				9E6418232587554E009709D4 /* WishViewModel.swift in Sources */,
				9E487F4A2569EF64007BC9C7 /* Activity.swift in Sources */,
				9E47E076257980400022AC08 /* EdgeInsets+init.swift in Sources */,
				9E641829258758C9009709D4 /* AccommodationSearchViewModel.swift in Sources */,
				9E3343122573EEB800AE5568 /* NewAccommodation.swift in Sources */,
				9EFB676D257446FE005941D1 /* SuggestionPlace.swift in Sources */,
				9E589E5A253DFA28003CC8EE /* LogoTitle.swift in Sources */,
				9E98CB3A2559F12A00AF29EA /* UserDefaultsConfig.swift in Sources */,
				9E487F4D2569F95D007BC9C7 /* KeyedEncodingContainer+values.swift in Sources */,
				9E589E5F253E4C20003CC8EE /* FilledButton.swift in Sources */,
				9E5A8EE4256AD6690037D742 /* ShadowImage.swift in Sources */,
				9EF36963257836A100345B20 /* CircleIcon.swift in Sources */,
				9E263672253DDFD200928B38 /* Home.swift in Sources */,
				9E932FB625759207009FC2E8 /* TripContainer.swift in Sources */,
				9EFB6774257449B7005941D1 /* SuggestionCell.swift in Sources */,
				9EE669392563F9AE0018B82A /* CircleButton.swift in Sources */,
				9E5A8EDE256AC49D0037D742 /* BorderTitleImage.swift in Sources */,
				9ED5072F254B1EEB00401E2A /* NetworkMonitor.swift in Sources */,
				9EF36969257847B900345B20 /* DraggableSplash.swift in Sources */,
				9E487F502569FCD2007BC9C7 /* Location.swift in Sources */,
				9E98CB332559E7C900AF29EA /* APIConstants.swift in Sources */,
				9EB47CE22566CEE80065C641 /* DaysContainer.swift in Sources */,
				9EE669462564327A0018B82A /* DayCell.swift in Sources */,
				9E589E6B253E7CC4003CC8EE /* BorderedTextField.swift in Sources */,
				9E932FBA257596A5009FC2E8 /* WishItemsContainer.swift in Sources */,
				9E932FC125759A8D009FC2E8 /* String+capitalize.swift in Sources */,
				9EF3696625783F4000345B20 /* PreferenceKeys.swift in Sources */,
				9ED7DC3B257320A80005E42F /* BlurView.swift in Sources */,
				9EB47CCD2566874B0065C641 /* Date+compare.swift in Sources */,
				9E26366B253DDDE900928B38 /* Root.swift in Sources */,
				9E58C734258409EF002688EE /* AuthViewModel.swift in Sources */,
				9E58C7302584050E002688EE /* AuthService.swift in Sources */,
				9E932FBE2575971A009FC2E8 /* SuggestionsContainer.swift in Sources */,
			);
			runOnlyForDeploymentPostprocessing = 0;
		};
/* End PBXSourcesBuildPhase section */

/* Begin XCBuildConfiguration section */
		9E263647253DA29000928B38 /* Debug */ = {
			isa = XCBuildConfiguration;
			buildSettings = {
				ALWAYS_SEARCH_USER_PATHS = NO;
				CLANG_ANALYZER_NONNULL = YES;
				CLANG_ANALYZER_NUMBER_OBJECT_CONVERSION = YES_AGGRESSIVE;
				CLANG_CXX_LANGUAGE_STANDARD = "gnu++14";
				CLANG_CXX_LIBRARY = "libc++";
				CLANG_ENABLE_MODULES = YES;
				CLANG_ENABLE_OBJC_ARC = YES;
				CLANG_ENABLE_OBJC_WEAK = YES;
				CLANG_WARN_BLOCK_CAPTURE_AUTORELEASING = YES;
				CLANG_WARN_BOOL_CONVERSION = YES;
				CLANG_WARN_COMMA = YES;
				CLANG_WARN_CONSTANT_CONVERSION = YES;
				CLANG_WARN_DEPRECATED_OBJC_IMPLEMENTATIONS = YES;
				CLANG_WARN_DIRECT_OBJC_ISA_USAGE = YES_ERROR;
				CLANG_WARN_DOCUMENTATION_COMMENTS = YES;
				CLANG_WARN_EMPTY_BODY = YES;
				CLANG_WARN_ENUM_CONVERSION = YES;
				CLANG_WARN_INFINITE_RECURSION = YES;
				CLANG_WARN_INT_CONVERSION = YES;
				CLANG_WARN_NON_LITERAL_NULL_CONVERSION = YES;
				CLANG_WARN_OBJC_IMPLICIT_RETAIN_SELF = YES;
				CLANG_WARN_OBJC_LITERAL_CONVERSION = YES;
				CLANG_WARN_OBJC_ROOT_CLASS = YES_ERROR;
				CLANG_WARN_QUOTED_INCLUDE_IN_FRAMEWORK_HEADER = YES;
				CLANG_WARN_RANGE_LOOP_ANALYSIS = YES;
				CLANG_WARN_STRICT_PROTOTYPES = YES;
				CLANG_WARN_SUSPICIOUS_MOVE = YES;
				CLANG_WARN_UNGUARDED_AVAILABILITY = YES_AGGRESSIVE;
				CLANG_WARN_UNREACHABLE_CODE = YES;
				CLANG_WARN__DUPLICATE_METHOD_MATCH = YES;
				COPY_PHASE_STRIP = NO;
				DEBUG_INFORMATION_FORMAT = dwarf;
				ENABLE_STRICT_OBJC_MSGSEND = YES;
				ENABLE_TESTABILITY = YES;
				FRAMEWORK_SEARCH_PATHS = "$(SRCROOT)/**";
				GCC_C_LANGUAGE_STANDARD = gnu11;
				GCC_DYNAMIC_NO_PIC = NO;
				GCC_NO_COMMON_BLOCKS = YES;
				GCC_OPTIMIZATION_LEVEL = 0;
				GCC_PREPROCESSOR_DEFINITIONS = (
					"DEBUG=1",
					"$(inherited)",
				);
				GCC_WARN_64_TO_32_BIT_CONVERSION = YES;
				GCC_WARN_ABOUT_RETURN_TYPE = YES_ERROR;
				GCC_WARN_UNDECLARED_SELECTOR = YES;
				GCC_WARN_UNINITIALIZED_AUTOS = YES_AGGRESSIVE;
				GCC_WARN_UNUSED_FUNCTION = YES;
				GCC_WARN_UNUSED_VARIABLE = YES;
				IPHONEOS_DEPLOYMENT_TARGET = 14.0;
				MTL_ENABLE_DEBUG_INFO = INCLUDE_SOURCE;
				MTL_FAST_MATH = YES;
				ONLY_ACTIVE_ARCH = YES;
				SDKROOT = iphoneos;
				SWIFT_ACTIVE_COMPILATION_CONDITIONS = DEBUG;
				SWIFT_OPTIMIZATION_LEVEL = "-Onone";
			};
			name = Debug;
		};
		9E263648253DA29000928B38 /* Release */ = {
			isa = XCBuildConfiguration;
			buildSettings = {
				ALWAYS_SEARCH_USER_PATHS = NO;
				CLANG_ANALYZER_NONNULL = YES;
				CLANG_ANALYZER_NUMBER_OBJECT_CONVERSION = YES_AGGRESSIVE;
				CLANG_CXX_LANGUAGE_STANDARD = "gnu++14";
				CLANG_CXX_LIBRARY = "libc++";
				CLANG_ENABLE_MODULES = YES;
				CLANG_ENABLE_OBJC_ARC = YES;
				CLANG_ENABLE_OBJC_WEAK = YES;
				CLANG_WARN_BLOCK_CAPTURE_AUTORELEASING = YES;
				CLANG_WARN_BOOL_CONVERSION = YES;
				CLANG_WARN_COMMA = YES;
				CLANG_WARN_CONSTANT_CONVERSION = YES;
				CLANG_WARN_DEPRECATED_OBJC_IMPLEMENTATIONS = YES;
				CLANG_WARN_DIRECT_OBJC_ISA_USAGE = YES_ERROR;
				CLANG_WARN_DOCUMENTATION_COMMENTS = YES;
				CLANG_WARN_EMPTY_BODY = YES;
				CLANG_WARN_ENUM_CONVERSION = YES;
				CLANG_WARN_INFINITE_RECURSION = YES;
				CLANG_WARN_INT_CONVERSION = YES;
				CLANG_WARN_NON_LITERAL_NULL_CONVERSION = YES;
				CLANG_WARN_OBJC_IMPLICIT_RETAIN_SELF = YES;
				CLANG_WARN_OBJC_LITERAL_CONVERSION = YES;
				CLANG_WARN_OBJC_ROOT_CLASS = YES_ERROR;
				CLANG_WARN_QUOTED_INCLUDE_IN_FRAMEWORK_HEADER = YES;
				CLANG_WARN_RANGE_LOOP_ANALYSIS = YES;
				CLANG_WARN_STRICT_PROTOTYPES = YES;
				CLANG_WARN_SUSPICIOUS_MOVE = YES;
				CLANG_WARN_UNGUARDED_AVAILABILITY = YES_AGGRESSIVE;
				CLANG_WARN_UNREACHABLE_CODE = YES;
				CLANG_WARN__DUPLICATE_METHOD_MATCH = YES;
				COPY_PHASE_STRIP = NO;
				DEBUG_INFORMATION_FORMAT = "dwarf-with-dsym";
				ENABLE_NS_ASSERTIONS = NO;
				ENABLE_STRICT_OBJC_MSGSEND = YES;
				FRAMEWORK_SEARCH_PATHS = "$(SRCROOT)/**";
				GCC_C_LANGUAGE_STANDARD = gnu11;
				GCC_NO_COMMON_BLOCKS = YES;
				GCC_WARN_64_TO_32_BIT_CONVERSION = YES;
				GCC_WARN_ABOUT_RETURN_TYPE = YES_ERROR;
				GCC_WARN_UNDECLARED_SELECTOR = YES;
				GCC_WARN_UNINITIALIZED_AUTOS = YES_AGGRESSIVE;
				GCC_WARN_UNUSED_FUNCTION = YES;
				GCC_WARN_UNUSED_VARIABLE = YES;
				IPHONEOS_DEPLOYMENT_TARGET = 14.0;
				MTL_ENABLE_DEBUG_INFO = NO;
				MTL_FAST_MATH = YES;
				SDKROOT = iphoneos;
				SWIFT_COMPILATION_MODE = wholemodule;
				SWIFT_OPTIMIZATION_LEVEL = "-O";
				VALIDATE_PRODUCT = YES;
			};
			name = Release;
		};
		9E26364A253DA29000928B38 /* Debug */ = {
			isa = XCBuildConfiguration;
			buildSettings = {
				ASSETCATALOG_COMPILER_APPICON_NAME = AppIcon;
				ASSETCATALOG_COMPILER_GLOBAL_ACCENT_COLOR_NAME = AccentColor;
				CODE_SIGN_IDENTITY = "Apple Development";
				CODE_SIGN_STYLE = Automatic;
				DEVELOPMENT_ASSET_PATHS = "\"TJA/Preview Content\"";
				DEVELOPMENT_TEAM = P82W9Y36U3;
				ENABLE_PREVIEWS = YES;
				FRAMEWORK_SEARCH_PATHS = (
					"$(inherited)",
					"$(PROJECT_DIR)/TJA",
				);
				INFOPLIST_FILE = TJA/Info.plist;
				IPHONEOS_DEPLOYMENT_TARGET = 13.5;
				LD_RUNPATH_SEARCH_PATHS = (
					"$(inherited)",
					"@executable_path/Frameworks",
				);
				OTHER_LDFLAGS = (
					"$(OTHER_LDFLAGS)",
					"-ObjC",
				);
				PRODUCT_BUNDLE_IDENTIFIER = com.mist3r.tja;
				PRODUCT_NAME = "$(TARGET_NAME)";
				PROVISIONING_PROFILE_SPECIFIER = "";
				SWIFT_VERSION = 5.0;
				TARGETED_DEVICE_FAMILY = 1;
			};
			name = Debug;
		};
		9E26364B253DA29000928B38 /* Release */ = {
			isa = XCBuildConfiguration;
			buildSettings = {
				ASSETCATALOG_COMPILER_APPICON_NAME = AppIcon;
				ASSETCATALOG_COMPILER_GLOBAL_ACCENT_COLOR_NAME = AccentColor;
				CODE_SIGN_IDENTITY = "Apple Development";
				CODE_SIGN_STYLE = Automatic;
				DEVELOPMENT_ASSET_PATHS = "\"TJA/Preview Content\"";
				DEVELOPMENT_TEAM = P82W9Y36U3;
				ENABLE_PREVIEWS = YES;
				FRAMEWORK_SEARCH_PATHS = (
					"$(inherited)",
					"$(PROJECT_DIR)/TJA",
				);
				INFOPLIST_FILE = TJA/Info.plist;
				IPHONEOS_DEPLOYMENT_TARGET = 13.5;
				LD_RUNPATH_SEARCH_PATHS = (
					"$(inherited)",
					"@executable_path/Frameworks",
				);
				OTHER_LDFLAGS = (
					"$(OTHER_LDFLAGS)",
					"-ObjC",
				);
				PRODUCT_BUNDLE_IDENTIFIER = com.mist3r.tja;
				PRODUCT_NAME = "$(TARGET_NAME)";
				PROVISIONING_PROFILE_SPECIFIER = "";
				SWIFT_VERSION = 5.0;
				TARGETED_DEVICE_FAMILY = 1;
			};
			name = Release;
		};
/* End XCBuildConfiguration section */

/* Begin XCConfigurationList section */
		9E263635253DA28900928B38 /* Build configuration list for PBXProject "TJA" */ = {
			isa = XCConfigurationList;
			buildConfigurations = (
				9E263647253DA29000928B38 /* Debug */,
				9E263648253DA29000928B38 /* Release */,
			);
			defaultConfigurationIsVisible = 0;
			defaultConfigurationName = Release;
		};
		9E263649253DA29000928B38 /* Build configuration list for PBXNativeTarget "TJA" */ = {
			isa = XCConfigurationList;
			buildConfigurations = (
				9E26364A253DA29000928B38 /* Debug */,
				9E26364B253DA29000928B38 /* Release */,
			);
			defaultConfigurationIsVisible = 0;
			defaultConfigurationName = Release;
		};
/* End XCConfigurationList section */

/* Begin XCRemoteSwiftPackageReference section */
		9EED545725632C1900098500 /* XCRemoteSwiftPackageReference "Kingfisher" */ = {
			isa = XCRemoteSwiftPackageReference;
			repositoryURL = "https://github.com/onevcat/Kingfisher.git";
			requirement = {
				kind = upToNextMajorVersion;
				minimumVersion = 5.15.7;
			};
		};
/* End XCRemoteSwiftPackageReference section */

/* Begin XCSwiftPackageProductDependency section */
		9EED545825632C1900098500 /* KingfisherSwiftUI */ = {
			isa = XCSwiftPackageProductDependency;
			package = 9EED545725632C1900098500 /* XCRemoteSwiftPackageReference "Kingfisher" */;
			productName = KingfisherSwiftUI;
		};
/* End XCSwiftPackageProductDependency section */
	};
	rootObject = 9E263632253DA28900928B38 /* Project object */;
}
